// !$*UTF8*$!
{
	archiveVersion = 1;
	classes = {
	};
	objectVersion = 46;
	objects = {

/* Begin PBXBuildFile section */
		220CAD841D0B5536006DE1CC /* PlaySoundsViewController+Audio.swift in Sources */ = {isa = PBXBuildFile; fileRef = 220CAD831D0B5536006DE1CC /* PlaySoundsViewController+Audio.swift */; };
		2251FD191D08BC81004F49E0 /* AppDelegate.swift in Sources */ = {isa = PBXBuildFile; fileRef = 2251FD181D08BC81004F49E0 /* AppDelegate.swift */; };
		2251FD1B1D08BC81004F49E0 /* RecordSoundsViewController.swift in Sources */ = {isa = PBXBuildFile; fileRef = 2251FD1A1D08BC81004F49E0 /* RecordSoundsViewController.swift */; };
		2251FD201D08BC81004F49E0 /* Assets.xcassets in Resources */ = {isa = PBXBuildFile; fileRef = 2251FD1F1D08BC81004F49E0 /* Assets.xcassets */; };
		2251FD231D08BC81004F49E0 /* LaunchScreen.storyboard in Resources */ = {isa = PBXBuildFile; fileRef = 2251FD211D08BC81004F49E0 /* LaunchScreen.storyboard */; };
		22D2CAE71D0A340400B416A8 /* Main.storyboard in Resources */ = {isa = PBXBuildFile; fileRef = 22D2CAE51D0A340400B416A8 /* Main.storyboard */; };
		22D2CAE91D0A39D700B416A8 /* PlaySoundsViewController.swift in Sources */ = {isa = PBXBuildFile; fileRef = 22D2CAE81D0A39D700B416A8 /* PlaySoundsViewController.swift */; };
/* End PBXBuildFile section */

/* Begin PBXFileReference section */
		220CAD831D0B5536006DE1CC /* PlaySoundsViewController+Audio.swift */ = {isa = PBXFileReference; fileEncoding = 4; lastKnownFileType = sourcecode.swift; path = "PlaySoundsViewController+Audio.swift"; sourceTree = "<group>"; };
		2251FD151D08BC81004F49E0 /* PitchPerfect.app */ = {isa = PBXFileReference; explicitFileType = wrapper.application; includeInIndex = 0; path = PitchPerfect.app; sourceTree = BUILT_PRODUCTS_DIR; };
		2251FD181D08BC81004F49E0 /* AppDelegate.swift */ = {isa = PBXFileReference; lastKnownFileType = sourcecode.swift; path = AppDelegate.swift; sourceTree = "<group>"; };
		2251FD1A1D08BC81004F49E0 /* RecordSoundsViewController.swift */ = {isa = PBXFileReference; lastKnownFileType = sourcecode.swift; path = RecordSoundsViewController.swift; sourceTree = "<group>"; };
		2251FD1F1D08BC81004F49E0 /* Assets.xcassets */ = {isa = PBXFileReference; lastKnownFileType = folder.assetcatalog; path = Assets.xcassets; sourceTree = "<group>"; };
		2251FD221D08BC81004F49E0 /* Base */ = {isa = PBXFileReference; lastKnownFileType = file.storyboard; name = Base; path = Base.lproj/LaunchScreen.storyboard; sourceTree = "<group>"; };
		2251FD241D08BC81004F49E0 /* Info.plist */ = {isa = PBXFileReference; lastKnownFileType = text.plist.xml; path = Info.plist; sourceTree = "<group>"; };
		22D2CAE61D0A340400B416A8 /* Base */ = {isa = PBXFileReference; lastKnownFileType = file.storyboard; name = Base; path = Base.lproj/Main.storyboard; sourceTree = "<group>"; };
		22D2CAE81D0A39D700B416A8 /* PlaySoundsViewController.swift */ = {isa = PBXFileReference; fileEncoding = 4; lastKnownFileType = sourcecode.swift; path = PlaySoundsViewController.swift; sourceTree = "<group>"; };
/* End PBXFileReference section */

/* Begin PBXFrameworksBuildPhase section */
		2251FD121D08BC81004F49E0 /* Frameworks */ = {
			isa = PBXFrameworksBuildPhase;
			buildActionMask = 2147483647;
			files = (
			);
			runOnlyForDeploymentPostprocessing = 0;
		};
/* End PBXFrameworksBuildPhase section */

/* Begin PBXGroup section */
		2251FD0C1D08BC81004F49E0 = {
			isa = PBXGroup;
			children = (
				2251FD171D08BC81004F49E0 /* PitchPerfect */,
				2251FD161D08BC81004F49E0 /* Products */,
			);
			sourceTree = "<group>";
		};
		2251FD161D08BC81004F49E0 /* Products */ = {
			isa = PBXGroup;
			children = (
				2251FD151D08BC81004F49E0 /* PitchPerfect.app */,
			);
			name = Products;
			sourceTree = "<group>";
		};
		2251FD171D08BC81004F49E0 /* PitchPerfect */ = {
			isa = PBXGroup;
			children = (
				220CAD831D0B5536006DE1CC /* PlaySoundsViewController+Audio.swift */,
				2251FD181D08BC81004F49E0 /* AppDelegate.swift */,
				2251FD1A1D08BC81004F49E0 /* RecordSoundsViewController.swift */,
				22D2CAE81D0A39D700B416A8 /* PlaySoundsViewController.swift */,
				22D2CAE51D0A340400B416A8 /* Main.storyboard */,
				2251FD1F1D08BC81004F49E0 /* Assets.xcassets */,
				2251FD211D08BC81004F49E0 /* LaunchScreen.storyboard */,
				2251FD241D08BC81004F49E0 /* Info.plist */,
			);
			path = PitchPerfect;
			sourceTree = "<group>";
		};
/* End PBXGroup section */

/* Begin PBXNativeTarget section */
		2251FD141D08BC81004F49E0 /* PitchPerfect */ = {
			isa = PBXNativeTarget;
			buildConfigurationList = 2251FD271D08BC81004F49E0 /* Build configuration list for PBXNativeTarget "PitchPerfect" */;
			buildPhases = (
				2251FD111D08BC81004F49E0 /* Sources */,
				2251FD121D08BC81004F49E0 /* Frameworks */,
				2251FD131D08BC81004F49E0 /* Resources */,
			);
			buildRules = (
			);
			dependencies = (
			);
			name = PitchPerfect;
			productName = PitchPerfect;
			productReference = 2251FD151D08BC81004F49E0 /* PitchPerfect.app */;
			productType = "com.apple.product-type.application";
		};
/* End PBXNativeTarget section */

/* Begin PBXProject section */
		2251FD0D1D08BC81004F49E0 /* Project object */ = {
			isa = PBXProject;
			attributes = {
				LastSwiftUpdateCheck = 0730;
				LastUpgradeCheck = 0730;
				ORGANIZATIONNAME = Cmdrtorefresh;
				TargetAttributes = {
					2251FD141D08BC81004F49E0 = {
						CreatedOnToolsVersion = 7.3;
					};
				};
			};
			buildConfigurationList = 2251FD101D08BC81004F49E0 /* Build configuration list for PBXProject "PitchPerfect" */;
			compatibilityVersion = "Xcode 3.2";
			developmentRegion = English;
			hasScannedForEncodings = 0;
			knownRegions = (
				en,
				Base,
			);
			mainGroup = 2251FD0C1D08BC81004F49E0;
			productRefGroup = 2251FD161D08BC81004F49E0 /* Products */;
			projectDirPath = "";
			projectRoot = "";
			targets = (
				2251FD141D08BC81004F49E0 /* PitchPerfect */,
			);
		};
/* End PBXProject section */

/* Begin PBXResourcesBuildPhase section */
		2251FD131D08BC81004F49E0 /* Resources */ = {
			isa = PBXResourcesBuildPhase;
			buildActionMask = 2147483647;
			files = (
				22D2CAE71D0A340400B416A8 /* Main.storyboard in Resources */,
				2251FD231D08BC81004F49E0 /* LaunchScreen.storyboard in Resources */,
				2251FD201D08BC81004F49E0 /* Assets.xcassets in Resources */,
			);
			runOnlyForDeploymentPostprocessing = 0;
		};
/* End PBXResourcesBuildPhase section */

/* Begin PBXSourcesBuildPhase section */
		2251FD111D08BC81004F49E0 /* Sources */ = {
			isa = PBXSourcesBuildPhase;
			buildActionMask = 2147483647;
			files = (
				2251FD1B1D08BC81004F49E0 /* RecordSoundsViewController.swift in Sources */,
				220CAD841D0B5536006DE1CC /* PlaySoundsViewController+Audio.swift in Sources */,
				22D2CAE91D0A39D700B416A8 /* PlaySoundsViewController.swift in Sources */,
				2251FD191D08BC81004F49E0 /* AppDelegate.swift in Sources */,
			);
			runOnlyForDeploymentPostprocessing = 0;
		};
/* End PBXSourcesBuildPhase section */

/* Begin PBXVariantGroup section */
		2251FD211D08BC81004F49E0 /* LaunchScreen.storyboard */ = {
			isa = PBXVariantGroup;
			children = (
				2251FD221D08BC81004F49E0 /* Base */,
			);
			name = LaunchScreen.storyboard;
			sourceTree = "<group>";
		};
		22D2CAE51D0A340400B416A8 /* Main.storyboard */ = {
			isa = PBXVariantGroup;
			children = (
				22D2CAE61D0A340400B416A8 /* Base */,
			);
			name = Main.storyboard;
			sourceTree = "<group>";
		};
/* End PBXVariantGroup section */

/* Begin XCBuildConfiguration section */
		2251FD251D08BC81004F49E0 /* Debug */ = {
			isa = XCBuildConfiguration;
			buildSettings = {
				ALWAYS_SEARCH_USER_PATHS = NO;
				CLANG_ANALYZER_NONNULL = YES;
				CLANG_CXX_LANGUAGE_STANDARD = "gnu++0x";
				CLANG_CXX_LIBRARY = "libc++";
				CLANG_ENABLE_MODULES = YES;
				CLANG_ENABLE_OBJC_ARC = YES;
				CLANG_WARN_BOOL_CONVERSION = YES;
				CLANG_WARN_CONSTANT_CONVERSION = YES;
				CLANG_WARN_DIRECT_OBJC_ISA_USAGE = YES_ERROR;
				CLANG_WARN_EMPTY_BODY = YES;
				CLANG_WARN_ENUM_CONVERSION = YES;
				CLANG_WARN_INT_CONVERSION = YES;
				CLANG_WARN_OBJC_ROOT_CLASS = YES_ERROR;
				CLANG_WARN_UNREACHABLE_CODE = YES;
				CLANG_WARN__DUPLICATE_METHOD_MATCH = YES;
				"CODE_SIGN_IDENTITY[sdk=iphoneos*]" = "iPhone Developer";
				COPY_PHASE_STRIP = NO;
				DEBUG_INFORMATION_FORMAT = dwarf;
				ENABLE_STRICT_OBJC_MSGSEND = YES;
				ENABLE_TESTABILITY = YES;
				GCC_C_LANGUAGE_STANDARD = gnu99;
				GCC_DYNAMIC_NO_PIC = NO;
				GCC_NO_COMMON_BLOCKS = YES;
				GCC_OPTIMIZATION_LEVEL = 0;
				GCC_PREPROCESSOR_DEFINITIONS = (
					"DEBUG=1",
					"$(inherited)",
				);
				GCC_WARN_64_TO_32_BIT_CONVERSION = YES;
				GCC_WARN_ABOUT_RETURN_TYPE = YES_ERROR;
				GCC_WARN_UNDECLARED_SELECTOR = YES;
				GCC_WARN_UNINITIALIZED_AUTOS = YES_AGGRESSIVE;
				GCC_WARN_UNUSED_FUNCTION = YES;
				GCC_WARN_UNUSED_VARIABLE = YES;
				IPHONEOS_DEPLOYMENT_TARGET = 9.3;
				MTL_ENABLE_DEBUG_INFO = YES;
				ONLY_ACTIVE_ARCH = YES;
				SDKROOT = iphoneos;
				SWIFT_OPTIMIZATION_LEVEL = "-Onone";
				TARGETED_DEVICE_FAMILY = "1,2";
			};
			name = Debug;
		};
		2251FD261D08BC81004F49E0 /* Release */ = {
			isa = XCBuildConfiguration;
			buildSettings = {
				ALWAYS_SEARCH_USER_PATHS = NO;
				CLANG_ANALYZER_NONNULL = YES;
				CLANG_CXX_LANGUAGE_STANDARD = "gnu++0x";
				CLANG_CXX_LIBRARY = "libc++";
				CLANG_ENABLE_MODULES = YES;
				CLANG_ENABLE_OBJC_ARC = YES;
				CLANG_WARN_BOOL_CONVERSION = YES;
				CLANG_WARN_CONSTANT_CONVERSION = YES;
				CLANG_WARN_DIRECT_OBJC_ISA_USAGE = YES_ERROR;
				CLANG_WARN_EMPTY_BODY = YES;
				CLANG_WARN_ENUM_CONVERSION = YES;
				CLANG_WARN_INT_CONVERSION = YES;
				CLANG_WARN_OBJC_ROOT_CLASS = YES_ERROR;
				CLANG_WARN_UNREACHABLE_CODE = YES;
				CLANG_WARN__DUPLICATE_METHOD_MATCH = YES;
				"CODE_SIGN_IDENTITY[sdk=iphoneos*]" = "iPhone Developer";
				COPY_PHASE_STRIP = NO;
				DEBUG_INFORMATION_FORMAT = "dwarf-with-dsym";
				ENABLE_NS_ASSERTIONS = NO;
				ENABLE_STRICT_OBJC_MSGSEND = YES;
				GCC_C_LANGUAGE_STANDARD = gnu99;
				GCC_NO_COMMON_BLOCKS = YES;
				GCC_WARN_64_TO_32_BIT_CONVERSION = YES;
				GCC_WARN_ABOUT_RETURN_TYPE = YES_ERROR;
				GCC_WARN_UNDECLARED_SELECTOR = YES;
				GCC_WARN_UNINITIALIZED_AUTOS = YES_AGGRESSIVE;
				GCC_WARN_UNUSED_FUNCTION = YES;
				GCC_WARN_UNUSED_VARIABLE = YES;
				IPHONEOS_DEPLOYMENT_TARGET = 9.3;
				MTL_ENABLE_DEBUG_INFO = NO;
				SDKROOT = iphoneos;
				TARGETED_DEVICE_FAMILY = "1,2";
				VALIDATE_PRODUCT = YES;
			};
			name = Release;
		};
		2251FD281D08BC81004F49E0 /* Debug */ = {
			isa = XCBuildConfiguration;
			buildSettings = {
				ASSETCATALOG_COMPILER_APPICON_NAME = AppIcon;
				INFOPLIST_FILE = PitchPerfect/Info.plist;
				LD_RUNPATH_SEARCH_PATHS = "$(inherited) @executable_path/Frameworks";
				PRODUCT_BUNDLE_IDENTIFIER = com.cmdrtorefresh.PitchPerfect;
				PRODUCT_NAME = "$(TARGET_NAME)";
			};
			name = Debug;
		};
		2251FD291D08BC81004F49E0 /* Release */ = {
			isa = XCBuildConfiguration;
			buildSettings = {
				ASSETCATALOG_COMPILER_APPICON_NAME = AppIcon;
				INFOPLIST_FILE = PitchPerfect/Info.plist;
				LD_RUNPATH_SEARCH_PATHS = "$(inherited) @executable_path/Frameworks";
				PRODUCT_BUNDLE_IDENTIFIER = com.cmdrtorefresh.PitchPerfect;
				PRODUCT_NAME = "$(TARGET_NAME)";
			};
			name = Release;
		};
/* End XCBuildConfiguration section */

/* Begin XCConfigurationList section */
		2251FD101D08BC81004F49E0 /* Build configuration list for PBXProject "PitchPerfect" */ = {
			isa = XCConfigurationList;
			buildConfigurations = (
				2251FD251D08BC81004F49E0 /* Debug */,
				2251FD261D08BC81004F49E0 /* Release */,
			);
			defaultConfigurationIsVisible = 0;
			defaultConfigurationName = Release;
		};
		2251FD271D08BC81004F49E0 /* Build configuration list for PBXNativeTarget "PitchPerfect" */ = {
			isa = XCConfigurationList;
			buildConfigurations = (
				2251FD281D08BC81004F49E0 /* Debug */,
				2251FD291D08BC81004F49E0 /* Release */,
			);
			defaultConfigurationIsVisible = 0;
			defaultConfigurationName = Release;
		};
/* End XCConfigurationList section */
	};
	rootObject = 2251FD0D1D08BC81004F49E0 /* Project object */;
}
